
Microsoft Visual Studio Solution File, Format Version 12.00
# Visual Studio 15
VisualStudioVersion = 15.0.26730.12
MinimumVisualStudioVersion = 10.0.40219.1
Project("{FAE04EC0-301F-11D3-BF4B-00C04F79EFBC}") = "PenilaianPegawaiWeb", "PenilaianPegawaiWeb\PenilaianPegawaiWeb.csproj", "{C762FDA6-156A-45B1-9B09-A0D2E56B798F}"
EndProject
Project("{FAE04EC0-301F-11D3-BF4B-00C04F79EFBC}") = "PenilaianPegawaiWebTests", "PenilaianPegawaiWebTests\PenilaianPegawaiWebTests.csproj", "{EDC202FC-236D-442D-811D-7E12C2B4022A}"
EndProject
Project("{FAE04EC0-301F-11D3-BF4B-00C04F79EFBC}") = "App", "App\App\App.csproj", "{20EC7C4F-D4DD-4DD6-BEAC-44D147F4198D}"
EndProject
Project("{FAE04EC0-301F-11D3-BF4B-00C04F79EFBC}") = "App.Android", "App\App.Android\App.Android.csproj", "{B379AA6D-E63F-4300-847B-C8199B6DC6A2}"
EndProject
Project("{FAE04EC0-301F-11D3-BF4B-00C04F79EFBC}") = "MySql.AspNet.Identity", "..\..\..\..\Project Tools\MySqlIdentity-master\MySql.AspNet.Identity\MySql.AspNet.Identity.csproj", "{EC3ADD94-5E1D-4A5F-BE06-788AC6C0E252}"
EndProject
Global
	GlobalSection(SolutionConfigurationPlatforms) = preSolution
		Debug|Any CPU = Debug|Any CPU
		Debug|ARM = Debug|ARM
		Debug|iPhone = Debug|iPhone
		Debug|iPhoneSimulator = Debug|iPhoneSimulator
		Debug|x64 = Debug|x64
		Debug|x86 = Debug|x86
		Release|Any CPU = Release|Any CPU
		Release|ARM = Release|ARM
		Release|iPhone = Release|iPhone
		Release|iPhoneSimulator = Release|iPhoneSimulator
		Release|x64 = Release|x64
		Release|x86 = Release|x86
	EndGlobalSection
	GlobalSection(ProjectConfigurationPlatforms) = postSolution
		{C762FDA6-156A-45B1-9B09-A0D2E56B798F}.Debug|Any CPU.ActiveCfg = Debug|Any CPU
		{C762FDA6-156A-45B1-9B09-A0D2E56B798F}.Debug|Any CPU.Build.0 = Debug|Any CPU
		{C762FDA6-156A-45B1-9B09-A0D2E56B798F}.Debug|ARM.ActiveCfg = Debug|Any CPU
		{C762FDA6-156A-45B1-9B09-A0D2E56B798F}.Debug|ARM.Build.0 = Debug|Any CPU
		{C762FDA6-156A-45B1-9B09-A0D2E56B798F}.Debug|iPhone.ActiveCfg = Debug|Any CPU
		{C762FDA6-156A-45B1-9B09-A0D2E56B798F}.Debug|iPhone.Build.0 = Debug|Any CPU
		{C762FDA6-156A-45B1-9B09-A0D2E56B798F}.Debug|iPhoneSimulator.ActiveCfg = Debug|Any CPU
		{C762FDA6-156A-45B1-9B09-A0D2E56B798F}.Debug|iPhoneSimulator.Build.0 = Debug|Any CPU
		{C762FDA6-156A-45B1-9B09-A0D2E56B798F}.Debug|x64.ActiveCfg = Debug|Any CPU
		{C762FDA6-156A-45B1-9B09-A0D2E56B798F}.Debug|x64.Build.0 = Debug|Any CPU
		{C762FDA6-156A-45B1-9B09-A0D2E56B798F}.Debug|x86.ActiveCfg = Debug|Any CPU
		{C762FDA6-156A-45B1-9B09-A0D2E56B798F}.Debug|x86.Build.0 = Debug|Any CPU
		{C762FDA6-156A-45B1-9B09-A0D2E56B798F}.Release|Any CPU.ActiveCfg = Release|Any CPU
		{C762FDA6-156A-45B1-9B09-A0D2E56B798F}.Release|Any CPU.Build.0 = Release|Any CPU
		{C762FDA6-156A-45B1-9B09-A0D2E56B798F}.Release|ARM.ActiveCfg = Release|Any CPU
		{C762FDA6-156A-45B1-9B09-A0D2E56B798F}.Release|ARM.Build.0 = Release|Any CPU
		{C762FDA6-156A-45B1-9B09-A0D2E56B798F}.Release|iPhone.ActiveCfg = Release|Any CPU
		{C762FDA6-156A-45B1-9B09-A0D2E56B798F}.Release|iPhone.Build.0 = Release|Any CPU
		{C762FDA6-156A-45B1-9B09-A0D2E56B798F}.Release|iPhoneSimulator.ActiveCfg = Release|Any CPU
		{C762FDA6-156A-45B1-9B09-A0D2E56B798F}.Release|iPhoneSimulator.Build.0 = Release|Any CPU
		{C762FDA6-156A-45B1-9B09-A0D2E56B798F}.Release|x64.ActiveCfg = Release|Any CPU
		{C762FDA6-156A-45B1-9B09-A0D2E56B798F}.Release|x64.Build.0 = Release|Any CPU
		{C762FDA6-156A-45B1-9B09-A0D2E56B798F}.Release|x86.ActiveCfg = Release|Any CPU
		{C762FDA6-156A-45B1-9B09-A0D2E56B798F}.Release|x86.Build.0 = Release|Any CPU
		{EDC202FC-236D-442D-811D-7E12C2B4022A}.Debug|Any CPU.ActiveCfg = Debug|Any CPU
		{EDC202FC-236D-442D-811D-7E12C2B4022A}.Debug|Any CPU.Build.0 = Debug|Any CPU
		{EDC202FC-236D-442D-811D-7E12C2B4022A}.Debug|ARM.ActiveCfg = Debug|Any CPU
		{EDC202FC-236D-442D-811D-7E12C2B4022A}.Debug|ARM.Build.0 = Debug|Any CPU
		{EDC202FC-236D-442D-811D-7E12C2B4022A}.Debug|iPhone.ActiveCfg = Debug|Any CPU
		{EDC202FC-236D-442D-811D-7E12C2B4022A}.Debug|iPhone.Build.0 = Debug|Any CPU
		{EDC202FC-236D-442D-811D-7E12C2B4022A}.Debug|iPhoneSimulator.ActiveCfg = Debug|Any CPU
		{EDC202FC-236D-442D-811D-7E12C2B4022A}.Debug|iPhoneSimulator.Build.0 = Debug|Any CPU
		{EDC202FC-236D-442D-811D-7E12C2B4022A}.Debug|x64.ActiveCfg = Debug|Any CPU
		{EDC202FC-236D-442D-811D-7E12C2B4022A}.Debug|x64.Build.0 = Debug|Any CPU
		{EDC202FC-236D-442D-811D-7E12C2B4022A}.Debug|x86.ActiveCfg = Debug|Any CPU
		{EDC202FC-236D-442D-811D-7E12C2B4022A}.Debug|x86.Build.0 = Debug|Any CPU
		{EDC202FC-236D-442D-811D-7E12C2B4022A}.Release|Any CPU.ActiveCfg = Release|Any CPU
		{EDC202FC-236D-442D-811D-7E12C2B4022A}.Release|Any CPU.Build.0 = Release|Any CPU
		{EDC202FC-236D-442D-811D-7E12C2B4022A}.Release|ARM.ActiveCfg = Release|Any CPU
		{EDC202FC-236D-442D-811D-7E12C2B4022A}.Release|ARM.Build.0 = Release|Any CPU
		{EDC202FC-236D-442D-811D-7E12C2B4022A}.Release|iPhone.ActiveCfg = Release|Any CPU
		{EDC202FC-236D-442D-811D-7E12C2B4022A}.Release|iPhone.Build.0 = Release|Any CPU
		{EDC202FC-236D-442D-811D-7E12C2B4022A}.Release|iPhoneSimulator.ActiveCfg = Release|Any CPU
		{EDC202FC-236D-442D-811D-7E12C2B4022A}.Release|iPhoneSimulator.Build.0 = Release|Any CPU
		{EDC202FC-236D-442D-811D-7E12C2B4022A}.Release|x64.ActiveCfg = Release|Any CPU
		{EDC202FC-236D-442D-811D-7E12C2B4022A}.Release|x64.Build.0 = Release|Any CPU
		{EDC202FC-236D-442D-811D-7E12C2B4022A}.Release|x86.ActiveCfg = Release|Any CPU
		{EDC202FC-236D-442D-811D-7E12C2B4022A}.Release|x86.Build.0 = Release|Any CPU
		{20EC7C4F-D4DD-4DD6-BEAC-44D147F4198D}.Debug|Any CPU.ActiveCfg = Debug|Any CPU
		{20EC7C4F-D4DD-4DD6-BEAC-44D147F4198D}.Debug|Any CPU.Build.0 = Debug|Any CPU
		{20EC7C4F-D4DD-4DD6-BEAC-44D147F4198D}.Debug|ARM.ActiveCfg = Debug|Any CPU
		{20EC7C4F-D4DD-4DD6-BEAC-44D147F4198D}.Debug|ARM.Build.0 = Debug|Any CPU
		{20EC7C4F-D4DD-4DD6-BEAC-44D147F4198D}.Debug|iPhone.ActiveCfg = Debug|Any CPU
		{20EC7C4F-D4DD-4DD6-BEAC-44D147F4198D}.Debug|iPhone.Build.0 = Debug|Any CPU
		{20EC7C4F-D4DD-4DD6-BEAC-44D147F4198D}.Debug|iPhoneSimulator.ActiveCfg = Debug|Any CPU
		{20EC7C4F-D4DD-4DD6-BEAC-44D147F4198D}.Debug|iPhoneSimulator.Build.0 = Debug|Any CPU
		{20EC7C4F-D4DD-4DD6-BEAC-44D147F4198D}.Debug|x64.ActiveCfg = Debug|Any CPU
		{20EC7C4F-D4DD-4DD6-BEAC-44D147F4198D}.Debug|x64.Build.0 = Debug|Any CPU
		{20EC7C4F-D4DD-4DD6-BEAC-44D147F4198D}.Debug|x86.ActiveCfg = Debug|Any CPU
		{20EC7C4F-D4DD-4DD6-BEAC-44D147F4198D}.Debug|x86.Build.0 = Debug|Any CPU
		{20EC7C4F-D4DD-4DD6-BEAC-44D147F4198D}.Release|Any CPU.ActiveCfg = Release|Any CPU
		{20EC7C4F-D4DD-4DD6-BEAC-44D147F4198D}.Release|Any CPU.Build.0 = Release|Any CPU
		{20EC7C4F-D4DD-4DD6-BEAC-44D147F4198D}.Release|ARM.ActiveCfg = Release|Any CPU
		{20EC7C4F-D4DD-4DD6-BEAC-44D147F4198D}.Release|ARM.Build.0 = Release|Any CPU
		{20EC7C4F-D4DD-4DD6-BEAC-44D147F4198D}.Release|iPhone.ActiveCfg = Release|Any CPU
		{20EC7C4F-D4DD-4DD6-BEAC-44D147F4198D}.Release|iPhone.Build.0 = Release|Any CPU
		{20EC7C4F-D4DD-4DD6-BEAC-44D147F4198D}.Release|iPhoneSimulator.ActiveCfg = Release|Any CPU
		{20EC7C4F-D4DD-4DD6-BEAC-44D147F4198D}.Release|iPhoneSimulator.Build.0 = Release|Any CPU
		{20EC7C4F-D4DD-4DD6-BEAC-44D147F4198D}.Release|x64.ActiveCfg = Release|Any CPU
		{20EC7C4F-D4DD-4DD6-BEAC-44D147F4198D}.Release|x64.Build.0 = Release|Any CPU
		{20EC7C4F-D4DD-4DD6-BEAC-44D147F4198D}.Release|x86.ActiveCfg = Release|Any CPU
		{20EC7C4F-D4DD-4DD6-BEAC-44D147F4198D}.Release|x86.Build.0 = Release|Any CPU
		{B379AA6D-E63F-4300-847B-C8199B6DC6A2}.Debug|Any CPU.ActiveCfg = Debug|Any CPU
		{B379AA6D-E63F-4300-847B-C8199B6DC6A2}.Debug|Any CPU.Build.0 = Debug|Any CPU
		{B379AA6D-E63F-4300-847B-C8199B6DC6A2}.Debug|Any CPU.Deploy.0 = Debug|Any CPU
		{B379AA6D-E63F-4300-847B-C8199B6DC6A2}.Debug|ARM.ActiveCfg = Debug|Any CPU
		{B379AA6D-E63F-4300-847B-C8199B6DC6A2}.Debug|ARM.Build.0 = Debug|Any CPU
		{B379AA6D-E63F-4300-847B-C8199B6DC6A2}.Debug|ARM.Deploy.0 = Debug|Any CPU
		{B379AA6D-E63F-4300-847B-C8199B6DC6A2}.Debug|iPhone.ActiveCfg = Debug|Any CPU
		{B379AA6D-E63F-4300-847B-C8199B6DC6A2}.Debug|iPhone.Build.0 = Debug|Any CPU
		{B379AA6D-E63F-4300-847B-C8199B6DC6A2}.Debug|iPhone.Deploy.0 = Debug|Any CPU
		{B379AA6D-E63F-4300-847B-C8199B6DC6A2}.Debug|iPhoneSimulator.ActiveCfg = Debug|Any CPU
		{B379AA6D-E63F-4300-847B-C8199B6DC6A2}.Debug|iPhoneSimulator.Build.0 = Debug|Any CPU
		{B379AA6D-E63F-4300-847B-C8199B6DC6A2}.Debug|iPhoneSimulator.Deploy.0 = Debug|Any CPU
		{B379AA6D-E63F-4300-847B-C8199B6DC6A2}.Debug|x64.ActiveCfg = Debug|Any CPU
		{B379AA6D-E63F-4300-847B-C8199B6DC6A2}.Debug|x64.Build.0 = Debug|Any CPU
		{B379AA6D-E63F-4300-847B-C8199B6DC6A2}.Debug|x64.Deploy.0 = Debug|Any CPU
		{B379AA6D-E63F-4300-847B-C8199B6DC6A2}.Debug|x86.ActiveCfg = Debug|Any CPU
		{B379AA6D-E63F-4300-847B-C8199B6DC6A2}.Debug|x86.Build.0 = Debug|Any CPU
		{B379AA6D-E63F-4300-847B-C8199B6DC6A2}.Debug|x86.Deploy.0 = Debug|Any CPU
		{B379AA6D-E63F-4300-847B-C8199B6DC6A2}.Release|Any CPU.ActiveCfg = Release|Any CPU
		{B379AA6D-E63F-4300-847B-C8199B6DC6A2}.Release|Any CPU.Build.0 = Release|Any CPU
		{B379AA6D-E63F-4300-847B-C8199B6DC6A2}.Release|Any CPU.Deploy.0 = Release|Any CPU
		{B379AA6D-E63F-4300-847B-C8199B6DC6A2}.Release|ARM.ActiveCfg = Release|Any CPU
		{B379AA6D-E63F-4300-847B-C8199B6DC6A2}.Release|ARM.Build.0 = Release|Any CPU
		{B379AA6D-E63F-4300-847B-C8199B6DC6A2}.Release|ARM.Deploy.0 = Release|Any CPU
		{B379AA6D-E63F-4300-847B-C8199B6DC6A2}.Release|iPhone.ActiveCfg = Release|Any CPU
		{B379AA6D-E63F-4300-847B-C8199B6DC6A2}.Release|iPhone.Build.0 = Release|Any CPU
		{B379AA6D-E63F-4300-847B-C8199B6DC6A2}.Release|iPhone.Deploy.0 = Release|Any CPU
		{B379AA6D-E63F-4300-847B-C8199B6DC6A2}.Release|iPhoneSimulator.ActiveCfg = Release|Any CPU
		{B379AA6D-E63F-4300-847B-C8199B6DC6A2}.Release|iPhoneSimulator.Build.0 = Release|Any CPU
		{B379AA6D-E63F-4300-847B-C8199B6DC6A2}.Release|iPhoneSimulator.Deploy.0 = Release|Any CPU
		{B379AA6D-E63F-4300-847B-C8199B6DC6A2}.Release|x64.ActiveCfg = Release|Any CPU
		{B379AA6D-E63F-4300-847B-C8199B6DC6A2}.Release|x64.Build.0 = Release|Any CPU
		{B379AA6D-E63F-4300-847B-C8199B6DC6A2}.Release|x64.Deploy.0 = Release|Any CPU
		{B379AA6D-E63F-4300-847B-C8199B6DC6A2}.Release|x86.ActiveCfg = Release|Any CPU
		{B379AA6D-E63F-4300-847B-C8199B6DC6A2}.Release|x86.Build.0 = Release|Any CPU
		{B379AA6D-E63F-4300-847B-C8199B6DC6A2}.Release|x86.Deploy.0 = Release|Any CPU
		{EC3ADD94-5E1D-4A5F-BE06-788AC6C0E252}.Debug|Any CPU.ActiveCfg = Debug|Any CPU
		{EC3ADD94-5E1D-4A5F-BE06-788AC6C0E252}.Debug|Any CPU.Build.0 = Debug|Any CPU
		{EC3ADD94-5E1D-4A5F-BE06-788AC6C0E252}.Debug|ARM.ActiveCfg = Debug|Any CPU
		{EC3ADD94-5E1D-4A5F-BE06-788AC6C0E252}.Debug|ARM.Build.0 = Debug|Any CPU
		{EC3ADD94-5E1D-4A5F-BE06-788AC6C0E252}.Debug|iPhone.ActiveCfg = Debug|Any CPU
		{EC3ADD94-5E1D-4A5F-BE06-788AC6C0E252}.Debug|iPhone.Build.0 = Debug|Any CPU
		{EC3ADD94-5E1D-4A5F-BE06-788AC6C0E252}.Debug|iPhoneSimulator.ActiveCfg = Debug|Any CPU
		{EC3ADD94-5E1D-4A5F-BE06-788AC6C0E252}.Debug|iPhoneSimulator.Build.0 = Debug|Any CPU
		{EC3ADD94-5E1D-4A5F-BE06-788AC6C0E252}.Debug|x64.ActiveCfg = Debug|Any CPU
		{EC3ADD94-5E1D-4A5F-BE06-788AC6C0E252}.Debug|x64.Build.0 = Debug|Any CPU
		{EC3ADD94-5E1D-4A5F-BE06-788AC6C0E252}.Debug|x86.ActiveCfg = Debug|Any CPU
		{EC3ADD94-5E1D-4A5F-BE06-788AC6C0E252}.Debug|x86.Build.0 = Debug|Any CPU
		{EC3ADD94-5E1D-4A5F-BE06-788AC6C0E252}.Release|Any CPU.ActiveCfg = Release|Any CPU
		{EC3ADD94-5E1D-4A5F-BE06-788AC6C0E252}.Release|Any CPU.Build.0 = Release|Any CPU
		{EC3ADD94-5E1D-4A5F-BE06-788AC6C0E252}.Release|ARM.ActiveCfg = Release|Any CPU
		{EC3ADD94-5E1D-4A5F-BE06-788AC6C0E252}.Release|ARM.Build.0 = Release|Any CPU
		{EC3ADD94-5E1D-4A5F-BE06-788AC6C0E252}.Release|iPhone.ActiveCfg = Release|Any CPU
		{EC3ADD94-5E1D-4A5F-BE06-788AC6C0E252}.Release|iPhone.Build.0 = Release|Any CPU
		{EC3ADD94-5E1D-4A5F-BE06-788AC6C0E252}.Release|iPhoneSimulator.ActiveCfg = Release|Any CPU
		{EC3ADD94-5E1D-4A5F-BE06-788AC6C0E252}.Release|iPhoneSimulator.Build.0 = Release|Any CPU
		{EC3ADD94-5E1D-4A5F-BE06-788AC6C0E252}.Release|x64.ActiveCfg = Release|Any CPU
		{EC3ADD94-5E1D-4A5F-BE06-788AC6C0E252}.Release|x64.Build.0 = Release|Any CPU
		{EC3ADD94-5E1D-4A5F-BE06-788AC6C0E252}.Release|x86.ActiveCfg = Release|Any CPU
		{EC3ADD94-5E1D-4A5F-BE06-788AC6C0E252}.Release|x86.Build.0 = Release|Any CPU
	EndGlobalSection
	GlobalSection(SolutionProperties) = preSolution
		HideSolutionNode = FALSE
	EndGlobalSection
	GlobalSection(ExtensibilityGlobals) = postSolution
		SolutionGuid = {DE2528DF-4410-4823-B834-F939D07DD68A}
	EndGlobalSection
EndGlobal
